
Microsoft Visual Studio Solution File, Format Version 12.00
# Visual Studio 15
VisualStudioVersion = 15.0.27703.2035
MinimumVisualStudioVersion = 10.0.40219.1
Project("{FAE04EC0-301F-11D3-BF4B-00C04F79EFBC}") = "Sulmar.WPFMVVM.HelloWorld", "Sulmar.WPFMVVM.HelloWorld\Sulmar.WPFMVVM.HelloWorld.csproj", "{5D879B00-45EE-4F1A-A691-1F1670056752}"
EndProject
Global
	GlobalSection(SolutionConfigurationPlatforms) = preSolution
		Debug|Any CPU = Debug|Any CPU
		Release|Any CPU = Release|Any CPU
	EndGlobalSection
	GlobalSection(ProjectConfigurationPlatforms) = postSolution
		{5D879B00-45EE-4F1A-A691-1F1670056752}.Debug|Any CPU.ActiveCfg = Debug|Any CPU
		{5D879B00-45EE-4F1A-A691-1F1670056752}.Debug|Any CPU.Build.0 = Debug|Any CPU
		{5D879B00-45EE-4F1A-A691-1F1670056752}.Release|Any CPU.ActiveCfg = Release|Any CPU
		{5D879B00-45EE-4F1A-A691-1F1670056752}.Release|Any CPU.Build.0 = Release|Any CPU
	EndGlobalSection
	GlobalSection(SolutionProperties) = preSolution
		HideSolutionNode = FALSE
	EndGlobalSection
	GlobalSection(ExtensibilityGlobals) = postSolution
		SolutionGuid = {81DA406C-04E0-4144-9490-E022E664EAAB}
	EndGlobalSection
EndGlobal
